lockfileVersion: '6.0'

settings:
  autoInstallPeers: true
  excludeLinksFromLockfile: false

importers:

  .: {}

  packages/components: {}

  packages/core:
    dependencies:
      '@packages/utils':
        specifier: workspace:^
        version: link:../utils

  packages/utils:
    dependencies:
      dayjs:
        specifier: ^1.11.10
        version: 1.11.10
      lodash:
        specifier: ^4.17.21
        version: 4.17.21

packages:

  /dayjs@1.11.10:
    resolution: {integrity: sha512-vjAczensTgRcqDERK0SR2XMwsF/tSvnvlv6VcF2GIhg6Sx4yOIt/irsr1RDJsKiIyBzJDpCoXiWWq28MqH2cnQ==}
    dev: false

  /lodash@4.17.21:
    resolution: {integrity: sha512-v2kDEe57lecTulaDIuNTPy3Ry4gLGJ6Z1O3vE1krgXZNrsQ+LFTGHVxVjcXPs17LhbZVGedAJv8XZ1tvj5FvSg==}
    dev: false
